version = 1
revision = 3
requires-python = ">=3.14"

[[package]]
name = "asgiref"
version = "3.11.1"
source = { registry = "https://pypi.org/simple" }
sdist = { url = "https://files.pythonhosted.org/packages/63/40/f03da1264ae8f7cfdbf9146542e5e7e8100a4c66ab48e791df9a03d3f6c0/asgiref-3.11.1.tar.gz", hash = "sha256:5f184dc43b7e763efe848065441eac62229c9f7b0475f41f80e207a114eda4ce", size = 38550, upload-time = "2026-02-03T13:30:14.33Z" }
wheels = [
    { url = "https://files.pythonhosted.org/packages/5c/0a/a72d10ed65068e115044937873362e6e32fab1b7dce0046aeb224682c989/asgiref-3.11.1-py3-none-any.whl", hash = "sha256:e8667a091e69529631969fd45dc268fa79b99c92c5fcdda727757e52146ec133", size = 24345, upload-time = "2026-02-03T13:30:13.039Z" },
]

[[package]]
name = "django"
version = "4.0.4"
source = { registry = "https://pypi.org/simple" }
dependencies = [
    { name = "asgiref" },
    { name = "sqlparse" },
    { name = "tzdata", marker = "sys_platform == 'win32'" },
]
sdist = { url = "https://files.pythonhosted.org/packages/d2/95/93d1f75da95624bf89e373d079fa72debf77f9b10acc31998cc52a5ff3f9/Django-4.0.4.tar.gz", hash = "sha256:4e8177858524417563cc0430f29ea249946d831eacb0068a1455686587df40b5", size = 10388499, upload-time = "2022-04-11T07:53:16.406Z" }
wheels = [
    { url = "https://files.pythonhosted.org/packages/66/90/bce00eb942fbc47b0774ac78910ee4e6f719572aad56dc238823e5d0ee54/Django-4.0.4-py3-none-any.whl", hash = "sha256:07c8638e7a7f548dc0acaaa7825d84b7bd42b10e8d22268b3d572946f1e9b687", size = 8041700, upload-time = "2022-04-11T07:53:01.287Z" },
]

[[package]]
name = "djangorestframework"
version = "3.13.1"
source = { registry = "https://pypi.org/simple" }
dependencies = [
    { name = "django" },
    { name = "pytz" },
]
sdist = { url = "https://files.pythonhosted.org/packages/7e/40/efa7f7b2448194b1065572f34d3e6cadb478c67af62f6893957376d8a9be/djangorestframework-3.13.1.tar.gz", hash = "sha256:0c33407ce23acc68eca2a6e46424b008c9c02eceb8cf18581921d0092bc1f2ee", size = 954950, upload-time = "2021-12-15T15:18:44.593Z" }
wheels = [
    { url = "https://files.pythonhosted.org/packages/c8/45/2588c7c5a01a7da6822c6ffbc9a731d498c318a803a29ae780ec635ea41d/djangorestframework-3.13.1-py3-none-any.whl", hash = "sha256:24c4bf58ed7e85d1fe4ba250ab2da926d263cd57d64b03e8dcef0ac683f8b1aa", size = 958323, upload-time = "2021-12-15T15:18:42.237Z" },
]

[[package]]
name = "flake8"
version = "5.0.4"
source = { registry = "https://pypi.org/simple" }
dependencies = [
    { name = "mccabe" },
    { name = "pycodestyle" },
    { name = "pyflakes" },
]
sdist = { url = "https://files.pythonhosted.org/packages/ad/00/9808c62b2d529cefc69ce4e4a1ea42c0f855effa55817b7327ec5b75e60a/flake8-5.0.4.tar.gz", hash = "sha256:6fbe320aad8d6b95cec8b8e47bc933004678dc63095be98528b7bdd2a9f510db", size = 145862, upload-time = "2022-08-03T23:21:27.108Z" }
wheels = [
    { url = "https://files.pythonhosted.org/packages/cf/a0/b881b63a17a59d9d07f5c0cc91a29182c8e8a9aa2bde5b3b2b16519c02f4/flake8-5.0.4-py2.py3-none-any.whl", hash = "sha256:7a1cf6b73744f5806ab95e526f6f0d8c01c66d7bbe349562d22dfca20610b248", size = 61897, upload-time = "2022-08-03T23:21:25.027Z" },
]

[[package]]
name = "flake8-quotes"
version = "3.3.1"
source = { registry = "https://pypi.org/simple" }
dependencies = [
    { name = "flake8" },
]
sdist = { url = "https://files.pythonhosted.org/packages/31/82/f4f52cc489b3f08c5b5ce1f6306f12014ed9825c5089835e44761ff395a6/flake8-quotes-3.3.1.tar.gz", hash = "sha256:633adca6fb8a08131536af0d750b44d6985b9aba46f498871e21588c3e6f525a", size = 13302, upload-time = "2021-10-19T07:07:05.06Z" }

[[package]]
name = "flake8-variables-names"
version = "0.0.5"
source = { registry = "https://pypi.org/simple" }
sdist = { url = "https://files.pythonhosted.org/packages/80/a0/6c0a2fc99440a758b06a5c2b4af3931d521b9d2afba940e7a7adc8db9a47/flake8_variables_names-0.0.5.tar.gz", hash = "sha256:30133e14ee2300e13a60393a00f74d98110c76070ac67d1ab91606f02824a7e1", size = 5214, upload-time = "2022-02-24T12:39:56.776Z" }
wheels = [
    { url = "https://files.pythonhosted.org/packages/10/85/407cf43cfb06fc4045a384d1778675e7cf5be53c4fa93286572c311baeb9/flake8_variables_names-0.0.5-py3-none-any.whl", hash = "sha256:e3277031696bbe10b5132b49938cde1d70fcae9561533b7bd7ab8e69cb27addb", size = 5955, upload-time = "2022-02-24T12:39:55.482Z" },
]

[[package]]
name = "mccabe"
version = "0.7.0"
source = { registry = "https://pypi.org/simple" }
sdist = { url = "https://files.pythonhosted.org/packages/e7/ff/0ffefdcac38932a54d2b5eed4e0ba8a408f215002cd178ad1df0f2806ff8/mccabe-0.7.0.tar.gz", hash = "sha256:348e0240c33b60bbdf4e523192ef919f28cb2c3d7d5c7794f74009290f236325", size = 9658, upload-time = "2022-01-24T01:14:51.113Z" }
wheels = [
    { url = "https://files.pythonhosted.org/packages/27/1a/1f68f9ba0c207934b35b86a8ca3aad8395a3d6dd7921c0686e23853ff5a9/mccabe-0.7.0-py2.py3-none-any.whl", hash = "sha256:6c2d30ab6be0e4a46919781807b4f0d834ebdd6c6e3dca0bda5a15f863427b6e", size = 7350, upload-time = "2022-01-24T01:14:49.62Z" },
]

[[package]]
name = "pep8-naming"
version = "0.13.2"
source = { registry = "https://pypi.org/simple" }
dependencies = [
    { name = "flake8" },
]
sdist = { url = "https://files.pythonhosted.org/packages/50/53/a8b7a6eb08be99920c86d0eebbecb2782141a36252a710aaa5cc920d6d20/pep8-naming-0.13.2.tar.gz", hash = "sha256:93eef62f525fd12a6f8c98f4dcc17fa70baae2f37fa1f73bec00e3e44392fa48", size = 16005, upload-time = "2022-08-19T19:24:24.503Z" }
wheels = [
    { url = "https://files.pythonhosted.org/packages/7d/e3/9d7afb48ad9366c8ae9821ba8049f9b2b856e84c3fcbc44338387b0f9497/pep8_naming-0.13.2-py3-none-any.whl", hash = "sha256:59e29e55c478db69cffbe14ab24b5bd2cd615c0413edf790d47d3fb7ba9a4e23", size = 8484, upload-time = "2022-08-19T19:24:22.9Z" },
]

[[package]]
name = "py-api-serializers"
version = "0.1.0"
source = { virtual = "." }
dependencies = [
    { name = "django" },
    { name = "djangorestframework" },
    { name = "flake8" },
    { name = "flake8-quotes" },
    { name = "flake8-variables-names" },
    { name = "pep8-naming" },
]

[package.metadata]
requires-dist = [
    { name = "django", specifier = "==4.0.4" },
    { name = "djangorestframework", specifier = "==3.13.1" },
    { name = "flake8", specifier = "==5.0.4" },
    { name = "flake8-quotes", specifier = "==3.3.1" },
    { name = "flake8-variables-names", specifier = "==0.0.5" },
    { name = "pep8-naming", specifier = "==0.13.2" },
]

[[package]]
name = "pycodestyle"
version = "2.9.1"
source = { registry = "https://pypi.org/simple" }
sdist = { url = "https://files.pythonhosted.org/packages/b6/83/5bcaedba1f47200f0665ceb07bcb00e2be123192742ee0edfb66b600e5fd/pycodestyle-2.9.1.tar.gz", hash = "sha256:2c9607871d58c76354b697b42f5d57e1ada7d261c261efac224b664affdc5785", size = 102127, upload-time = "2022-08-03T23:13:29.715Z" }
wheels = [
    { url = "https://files.pythonhosted.org/packages/67/e4/fc77f1039c34b3612c4867b69cbb2b8a4e569720b1f19b0637002ee03aff/pycodestyle-2.9.1-py2.py3-none-any.whl", hash = "sha256:d1735fc58b418fd7c5f658d28d943854f8a849b01a5d0a1e6f3f3fdd0166804b", size = 41493, upload-time = "2022-08-03T23:13:27.416Z" },
]

[[package]]
name = "pyflakes"
version = "2.5.0"
source = { registry = "https://pypi.org/simple" }
sdist = { url = "https://files.pythonhosted.org/packages/07/92/f0cb5381f752e89a598dd2850941e7f570ac3cb8ea4a344854de486db152/pyflakes-2.5.0.tar.gz", hash = "sha256:491feb020dca48ccc562a8c0cbe8df07ee13078df59813b83959cbdada312ea3", size = 66388, upload-time = "2022-07-30T17:29:05.816Z" }
wheels = [
    { url = "https://files.pythonhosted.org/packages/dc/13/63178f59f74e53acc2165aee4b002619a3cfa7eeaeac989a9eb41edf364e/pyflakes-2.5.0-py2.py3-none-any.whl", hash = "sha256:4579f67d887f804e67edb544428f264b7b24f435b263c4614f384135cea553d2", size = 66116, upload-time = "2022-07-30T17:29:04.179Z" },
]

[[package]]
name = "pytz"
version = "2026.2"
source = { registry = "https://pypi.org/simple" }
sdist = { url = "https://files.pythonhosted.org/packages/ff/46/dd499ec9038423421951e4fad73051febaa13d2df82b4064f87af8b8c0c3/pytz-2026.2.tar.gz", hash = "sha256:0e60b47b29f21574376f218fe21abc009894a2321ea16c6754f3cad6eb7cdd6a", size = 320861, upload-time = "2026-05-04T01:35:29.667Z" }
wheels = [
    { url = "https://files.pythonhosted.org/packages/ec/dd/96da98f892250475bdf2328112d7468abdd4acc7b902b6af23f4ed958ea0/pytz-2026.2-py2.py3-none-any.whl", hash = "sha256:04156e608bee23d3792fd45c94ae47fae1036688e75032eea2e3bf0323d1f126", size = 510141, upload-time = "2026-05-04T01:35:27.408Z" },
]

[[package]]
name = "sqlparse"
version = "0.5.5"
source = { registry = "https://pypi.org/simple" }
sdist = { url = "https://files.pythonhosted.org/packages/90/76/437d71068094df0726366574cf3432a4ed754217b436eb7429415cf2d480/sqlparse-0.5.5.tar.gz", hash = "sha256:e20d4a9b0b8585fdf63b10d30066c7c94c5d7a7ec47c889a2d83a3caa93ff28e", size = 120815, upload-time = "2025-12-19T07:17:45.073Z" }
wheels = [
    { url = "https://files.pythonhosted.org/packages/49/4b/359f28a903c13438ef59ebeee215fb25da53066db67b305c125f1c6d2a25/sqlparse-0.5.5-py3-none-any.whl", hash = "sha256:12a08b3bf3eec877c519589833aed092e2444e68240a3577e8e26148acc7b1ba", size = 46138, upload-time = "2025-12-19T07:17:46.573Z" },
]

[[package]]
name = "tzdata"
version = "2026.2"
source = { registry = "https://pypi.org/simple" }
sdist = { url = "https://files.pythonhosted.org/packages/ba/19/1b9b0e29f30c6d35cb345486df41110984ea67ae69dddbc0e8a100999493/tzdata-2026.2.tar.gz", hash = "sha256:9173fde7d80d9018e02a662e168e5a2d04f87c41ea174b139fbef642eda62d10", size = 198254, upload-time = "2026-04-24T15:22:08.651Z" }
wheels = [
    { url = "https://files.pythonhosted.org/packages/ce/e4/dccd7f47c4b64213ac01ef921a1337ee6e30e8c6466046018326977efd95/tzdata-2026.2-py2.py3-none-any.whl", hash = "sha256:bbe9af844f658da81a5f95019480da3a89415801f6cc966806612cc7169bffe7", size = 349321, upload-time = "2026-04-24T15:22:05.876Z" },
]
