version = 1
revision = 3
requires-python = ">=3.14"

[[package]]
name = "asgiref"
version = "3.11.1"
source = { registry = "https://pypi.org/simple" }
sdist = { url = "https://files.pythonhosted.org/packages/63/40/f03da1264ae8f7cfdbf9146542e5e7e8100a4c66ab48e791df9a03d3f6c0/asgiref-3.11.1.tar.gz", hash = "sha256:5f184dc43b7e763efe848065441eac62229c9f7b0475f41f80e207a114eda4ce", size = 38550, upload-time = "2026-02-03T13:30:14.33Z" }
wheels = [
    { url = "https://files.pythonhosted.org/packages/5c/0a/a72d10ed65068e115044937873362e6e32fab1b7dce0046aeb224682c989/asgiref-3.11.1-py3-none-any.whl", hash = "sha256:e8667a091e69529631969fd45dc268fa79b99c92c5fcdda727757e52146ec133", size = 24345, upload-time = "2026-02-03T13:30:13.039Z" },
]

[[package]]
name = "black"
version = "26.3.1"
source = { registry = "https://pypi.org/simple" }
dependencies = [
    { name = "click" },
    { name = "mypy-extensions" },
    { name = "packaging" },
    { name = "pathspec" },
    { name = "platformdirs" },
    { name = "pytokens" },
]
sdist = { url = "https://files.pythonhosted.org/packages/e1/c5/61175d618685d42b005847464b8fb4743a67b1b8fdb75e50e5a96c31a27a/black-26.3.1.tar.gz", hash = "sha256:2c50f5063a9641c7eed7795014ba37b0f5fa227f3d408b968936e24bc0566b07", size = 666155, upload-time = "2026-03-12T03:36:03.593Z" }
wheels = [
    { url = "https://files.pythonhosted.org/packages/d5/da/e36e27c9cebc1311b7579210df6f1c86e50f2d7143ae4fcf8a5017dc8809/black-26.3.1-cp314-cp314-macosx_10_15_x86_64.whl", hash = "sha256:2d6bfaf7fd0993b420bed691f20f9492d53ce9a2bcccea4b797d34e947318a78", size = 1889234, upload-time = "2026-03-12T03:40:30.964Z" },
    { url = "https://files.pythonhosted.org/packages/0e/7b/9871acf393f64a5fa33668c19350ca87177b181f44bb3d0c33b2d534f22c/black-26.3.1-cp314-cp314-macosx_11_0_arm64.whl", hash = "sha256:f89f2ab047c76a9c03f78d0d66ca519e389519902fa27e7a91117ef7611c0568", size = 1720522, upload-time = "2026-03-12T03:40:32.346Z" },
    { url = "https://files.pythonhosted.org/packages/03/87/e766c7f2e90c07fb7586cc787c9ae6462b1eedab390191f2b7fc7f6170a9/black-26.3.1-cp314-cp314-manylinux2014_x86_64.manylinux_2_17_x86_64.manylinux_2_28_x86_64.whl", hash = "sha256:b07fc0dab849d24a80a29cfab8d8a19187d1c4685d8a5e6385a5ce323c1f015f", size = 1787824, upload-time = "2026-03-12T03:40:33.636Z" },
    { url = "https://files.pythonhosted.org/packages/ac/94/2424338fb2d1875e9e83eed4c8e9c67f6905ec25afd826a911aea2b02535/black-26.3.1-cp314-cp314-win_amd64.whl", hash = "sha256:0126ae5b7c09957da2bdbd91a9ba1207453feada9e9fe51992848658c6c8e01c", size = 1445855, upload-time = "2026-03-12T03:40:35.442Z" },
    { url = "https://files.pythonhosted.org/packages/86/43/0c3338bd928afb8ee7471f1a4eec3bdbe2245ccb4a646092a222e8669840/black-26.3.1-cp314-cp314-win_arm64.whl", hash = "sha256:92c0ec1f2cc149551a2b7b47efc32c866406b6891b0ee4625e95967c8f4acfb1", size = 1258109, upload-time = "2026-03-12T03:40:36.832Z" },
    { url = "https://files.pythonhosted.org/packages/8e/0d/52d98722666d6fc6c3dd4c76df339501d6efd40e0ff95e6186a7b7f0befd/black-26.3.1-py3-none-any.whl", hash = "sha256:2bd5aa94fc267d38bb21a70d7410a89f1a1d318841855f698746f8e7f51acd1b", size = 207542, upload-time = "2026-03-12T03:36:01.668Z" },
]

[[package]]
name = "click"
version = "8.3.3"
source = { registry = "https://pypi.org/simple" }
dependencies = [
    { name = "colorama", marker = "sys_platform == 'win32'" },
]
sdist = { url = "https://files.pythonhosted.org/packages/bb/63/f9e1ea081ce35720d8b92acde70daaedace594dc93b693c869e0d5910718/click-8.3.3.tar.gz", hash = "sha256:398329ad4837b2ff7cbe1dd166a4c0f8900c3ca3a218de04466f38f6497f18a2", size = 328061, upload-time = "2026-04-22T15:11:27.506Z" }
wheels = [
    { url = "https://files.pythonhosted.org/packages/ae/44/c1221527f6a71a01ec6fbad7fa78f1d50dfa02217385cf0fa3eec7087d59/click-8.3.3-py3-none-any.whl", hash = "sha256:a2bf429bb3033c89fa4936ffb35d5cb471e3719e1f3c8a7c3fff0b8314305613", size = 110502, upload-time = "2026-04-22T15:11:25.044Z" },
]

[[package]]
name = "colorama"
version = "0.4.6"
source = { registry = "https://pypi.org/simple" }
sdist = { url = "https://files.pythonhosted.org/packages/d8/53/6f443c9a4a8358a93a6792e2acffb9d9d5cb0a5cfd8802644b7b1c9a02e4/colorama-0.4.6.tar.gz", hash = "sha256:08695f5cb7ed6e0531a20572697297273c47b8cae5a63ffc6d6ed5c201be6e44", size = 27697, upload-time = "2022-10-25T02:36:22.414Z" }
wheels = [
    { url = "https://files.pythonhosted.org/packages/d1/d6/3965ed04c63042e047cb6a3e6ed1a63a35087b6a609aa3a15ed8ac56c221/colorama-0.4.6-py2.py3-none-any.whl", hash = "sha256:4f1d9991f5acc0ca119f9d443620b77f9d6b33703e51011c16baf57afb285fc6", size = 25335, upload-time = "2022-10-25T02:36:20.889Z" },
]

[[package]]
name = "django"
version = "4.0.4"
source = { registry = "https://pypi.org/simple" }
dependencies = [
    { name = "asgiref" },
    { name = "sqlparse" },
    { name = "tzdata", marker = "sys_platform == 'win32'" },
]
sdist = { url = "https://files.pythonhosted.org/packages/d2/95/93d1f75da95624bf89e373d079fa72debf77f9b10acc31998cc52a5ff3f9/Django-4.0.4.tar.gz", hash = "sha256:4e8177858524417563cc0430f29ea249946d831eacb0068a1455686587df40b5", size = 10388499, upload-time = "2022-04-11T07:53:16.406Z" }
wheels = [
    { url = "https://files.pythonhosted.org/packages/66/90/bce00eb942fbc47b0774ac78910ee4e6f719572aad56dc238823e5d0ee54/Django-4.0.4-py3-none-any.whl", hash = "sha256:07c8638e7a7f548dc0acaaa7825d84b7bd42b10e8d22268b3d572946f1e9b687", size = 8041700, upload-time = "2022-04-11T07:53:01.287Z" },
]

[[package]]
name = "djangorestframework"
version = "3.13.1"
source = { registry = "https://pypi.org/simple" }
dependencies = [
    { name = "django" },
    { name = "pytz" },
]
sdist = { url = "https://files.pythonhosted.org/packages/7e/40/efa7f7b2448194b1065572f34d3e6cadb478c67af62f6893957376d8a9be/djangorestframework-3.13.1.tar.gz", hash = "sha256:0c33407ce23acc68eca2a6e46424b008c9c02eceb8cf18581921d0092bc1f2ee", size = 954950, upload-time = "2021-12-15T15:18:44.593Z" }
wheels = [
    { url = "https://files.pythonhosted.org/packages/c8/45/2588c7c5a01a7da6822c6ffbc9a731d498c318a803a29ae780ec635ea41d/djangorestframework-3.13.1-py3-none-any.whl", hash = "sha256:24c4bf58ed7e85d1fe4ba250ab2da926d263cd57d64b03e8dcef0ac683f8b1aa", size = 958323, upload-time = "2021-12-15T15:18:42.237Z" },
]

[[package]]
name = "flake8"
version = "5.0.4"
source = { registry = "https://pypi.org/simple" }
dependencies = [
    { name = "mccabe" },
    { name = "pycodestyle" },
    { name = "pyflakes" },
]
sdist = { url = "https://files.pythonhosted.org/packages/ad/00/9808c62b2d529cefc69ce4e4a1ea42c0f855effa55817b7327ec5b75e60a/flake8-5.0.4.tar.gz", hash = "sha256:6fbe320aad8d6b95cec8b8e47bc933004678dc63095be98528b7bdd2a9f510db", size = 145862, upload-time = "2022-08-03T23:21:27.108Z" }
wheels = [
    { url = "https://files.pythonhosted.org/packages/cf/a0/b881b63a17a59d9d07f5c0cc91a29182c8e8a9aa2bde5b3b2b16519c02f4/flake8-5.0.4-py2.py3-none-any.whl", hash = "sha256:7a1cf6b73744f5806ab95e526f6f0d8c01c66d7bbe349562d22dfca20610b248", size = 61897, upload-time = "2022-08-03T23:21:25.027Z" },
]

[[package]]
name = "flake8-quotes"
version = "3.3.1"
source = { registry = "https://pypi.org/simple" }
dependencies = [
    { name = "flake8" },
]
sdist = { url = "https://files.pythonhosted.org/packages/31/82/f4f52cc489b3f08c5b5ce1f6306f12014ed9825c5089835e44761ff395a6/flake8-quotes-3.3.1.tar.gz", hash = "sha256:633adca6fb8a08131536af0d750b44d6985b9aba46f498871e21588c3e6f525a", size = 13302, upload-time = "2021-10-19T07:07:05.06Z" }

[[package]]
name = "flake8-variables-names"
version = "0.0.5"
source = { registry = "https://pypi.org/simple" }
sdist = { url = "https://files.pythonhosted.org/packages/80/a0/6c0a2fc99440a758b06a5c2b4af3931d521b9d2afba940e7a7adc8db9a47/flake8_variables_names-0.0.5.tar.gz", hash = "sha256:30133e14ee2300e13a60393a00f74d98110c76070ac67d1ab91606f02824a7e1", size = 5214, upload-time = "2022-02-24T12:39:56.776Z" }
wheels = [
    { url = "https://files.pythonhosted.org/packages/10/85/407cf43cfb06fc4045a384d1778675e7cf5be53c4fa93286572c311baeb9/flake8_variables_names-0.0.5-py3-none-any.whl", hash = "sha256:e3277031696bbe10b5132b49938cde1d70fcae9561533b7bd7ab8e69cb27addb", size = 5955, upload-time = "2022-02-24T12:39:55.482Z" },
]

[[package]]
name = "mccabe"
version = "0.7.0"
source = { registry = "https://pypi.org/simple" }
sdist = { url = "https://files.pythonhosted.org/packages/e7/ff/0ffefdcac38932a54d2b5eed4e0ba8a408f215002cd178ad1df0f2806ff8/mccabe-0.7.0.tar.gz", hash = "sha256:348e0240c33b60bbdf4e523192ef919f28cb2c3d7d5c7794f74009290f236325", size = 9658, upload-time = "2022-01-24T01:14:51.113Z" }
wheels = [
    { url = "https://files.pythonhosted.org/packages/27/1a/1f68f9ba0c207934b35b86a8ca3aad8395a3d6dd7921c0686e23853ff5a9/mccabe-0.7.0-py2.py3-none-any.whl", hash = "sha256:6c2d30ab6be0e4a46919781807b4f0d834ebdd6c6e3dca0bda5a15f863427b6e", size = 7350, upload-time = "2022-01-24T01:14:49.62Z" },
]

[[package]]
name = "mypy-extensions"
version = "1.1.0"
source = { registry = "https://pypi.org/simple" }
sdist = { url = "https://files.pythonhosted.org/packages/a2/6e/371856a3fb9d31ca8dac321cda606860fa4548858c0cc45d9d1d4ca2628b/mypy_extensions-1.1.0.tar.gz", hash = "sha256:52e68efc3284861e772bbcd66823fde5ae21fd2fdb51c62a211403730b916558", size = 6343, upload-time = "2025-04-22T14:54:24.164Z" }
wheels = [
    { url = "https://files.pythonhosted.org/packages/79/7b/2c79738432f5c924bef5071f933bcc9efd0473bac3b4aa584a6f7c1c8df8/mypy_extensions-1.1.0-py3-none-any.whl", hash = "sha256:1be4cccdb0f2482337c4743e60421de3a356cd97508abadd57d47403e94f5505", size = 4963, upload-time = "2025-04-22T14:54:22.983Z" },
]

[[package]]
name = "packaging"
version = "26.2"
source = { registry = "https://pypi.org/simple" }
sdist = { url = "https://files.pythonhosted.org/packages/d7/f1/e7a6dd94a8d4a5626c03e4e99c87f241ba9e350cd9e6d75123f992427270/packaging-26.2.tar.gz", hash = "sha256:ff452ff5a3e828ce110190feff1178bb1f2ea2281fa2075aadb987c2fb221661", size = 228134, upload-time = "2026-04-24T20:15:23.917Z" }
wheels = [
    { url = "https://files.pythonhosted.org/packages/df/b2/87e62e8c3e2f4b32e5fe99e0b86d576da1312593b39f47d8ceef365e95ed/packaging-26.2-py3-none-any.whl", hash = "sha256:5fc45236b9446107ff2415ce77c807cee2862cb6fac22b8a73826d0693b0980e", size = 100195, upload-time = "2026-04-24T20:15:22.081Z" },
]

[[package]]
name = "pathspec"
version = "1.1.1"
source = { registry = "https://pypi.org/simple" }
sdist = { url = "https://files.pythonhosted.org/packages/5a/82/42f767fc1c1143d6fd36efb827202a2d997a375e160a71eb2888a925aac1/pathspec-1.1.1.tar.gz", hash = "sha256:17db5ecd524104a120e173814c90367a96a98d07c45b2e10c2f3919fff91bf5a", size = 135180, upload-time = "2026-04-27T01:46:08.907Z" }
wheels = [
    { url = "https://files.pythonhosted.org/packages/f1/d9/7fb5aa316bc299258e68c73ba3bddbc499654a07f151cba08f6153988714/pathspec-1.1.1-py3-none-any.whl", hash = "sha256:a00ce642f577bf7f473932318056212bc4f8bfdf53128c78bbd5af0b9b20b189", size = 57328, upload-time = "2026-04-27T01:46:07.06Z" },
]

[[package]]
name = "pep8-naming"
version = "0.13.2"
source = { registry = "https://pypi.org/simple" }
dependencies = [
    { name = "flake8" },
]
sdist = { url = "https://files.pythonhosted.org/packages/50/53/a8b7a6eb08be99920c86d0eebbecb2782141a36252a710aaa5cc920d6d20/pep8-naming-0.13.2.tar.gz", hash = "sha256:93eef62f525fd12a6f8c98f4dcc17fa70baae2f37fa1f73bec00e3e44392fa48", size = 16005, upload-time = "2022-08-19T19:24:24.503Z" }
wheels = [
    { url = "https://files.pythonhosted.org/packages/7d/e3/9d7afb48ad9366c8ae9821ba8049f9b2b856e84c3fcbc44338387b0f9497/pep8_naming-0.13.2-py3-none-any.whl", hash = "sha256:59e29e55c478db69cffbe14ab24b5bd2cd615c0413edf790d47d3fb7ba9a4e23", size = 8484, upload-time = "2022-08-19T19:24:22.9Z" },
]

[[package]]
name = "platformdirs"
version = "4.9.6"
source = { registry = "https://pypi.org/simple" }
sdist = { url = "https://files.pythonhosted.org/packages/9f/4a/0883b8e3802965322523f0b200ecf33d31f10991d0401162f4b23c698b42/platformdirs-4.9.6.tar.gz", hash = "sha256:3bfa75b0ad0db84096ae777218481852c0ebc6c727b3168c1b9e0118e458cf0a", size = 29400, upload-time = "2026-04-09T00:04:10.812Z" }
wheels = [
    { url = "https://files.pythonhosted.org/packages/75/a6/a0a304dc33b49145b21f4808d763822111e67d1c3a32b524a1baf947b6e1/platformdirs-4.9.6-py3-none-any.whl", hash = "sha256:e61adb1d5e5cb3441b4b7710bea7e4c12250ca49439228cc1021c00dcfac0917", size = 21348, upload-time = "2026-04-09T00:04:09.463Z" },
]

[[package]]
name = "py-api-serializers"
version = "0.1.0"
source = { virtual = "." }
dependencies = [
    { name = "black" },
    { name = "django" },
    { name = "djangorestframework" },
    { name = "flake8" },
    { name = "flake8-quotes" },
    { name = "flake8-variables-names" },
    { name = "pep8-naming" },
]

[package.metadata]
requires-dist = [
    { name = "black", specifier = ">=26.3.1" },
    { name = "django", specifier = "==4.0.4" },
    { name = "djangorestframework", specifier = "==3.13.1" },
    { name = "flake8", specifier = "==5.0.4" },
    { name = "flake8-quotes", specifier = "==3.3.1" },
    { name = "flake8-variables-names", specifier = "==0.0.5" },
    { name = "pep8-naming", specifier = "==0.13.2" },
]

[[package]]
name = "pycodestyle"
version = "2.9.1"
source = { registry = "https://pypi.org/simple" }
sdist = { url = "https://files.pythonhosted.org/packages/b6/83/5bcaedba1f47200f0665ceb07bcb00e2be123192742ee0edfb66b600e5fd/pycodestyle-2.9.1.tar.gz", hash = "sha256:2c9607871d58c76354b697b42f5d57e1ada7d261c261efac224b664affdc5785", size = 102127, upload-time = "2022-08-03T23:13:29.715Z" }
wheels = [
    { url = "https://files.pythonhosted.org/packages/67/e4/fc77f1039c34b3612c4867b69cbb2b8a4e569720b1f19b0637002ee03aff/pycodestyle-2.9.1-py2.py3-none-any.whl", hash = "sha256:d1735fc58b418fd7c5f658d28d943854f8a849b01a5d0a1e6f3f3fdd0166804b", size = 41493, upload-time = "2022-08-03T23:13:27.416Z" },
]

[[package]]
name = "pyflakes"
version = "2.5.0"
source = { registry = "https://pypi.org/simple" }
sdist = { url = "https://files.pythonhosted.org/packages/07/92/f0cb5381f752e89a598dd2850941e7f570ac3cb8ea4a344854de486db152/pyflakes-2.5.0.tar.gz", hash = "sha256:491feb020dca48ccc562a8c0cbe8df07ee13078df59813b83959cbdada312ea3", size = 66388, upload-time = "2022-07-30T17:29:05.816Z" }
wheels = [
    { url = "https://files.pythonhosted.org/packages/dc/13/63178f59f74e53acc2165aee4b002619a3cfa7eeaeac989a9eb41edf364e/pyflakes-2.5.0-py2.py3-none-any.whl", hash = "sha256:4579f67d887f804e67edb544428f264b7b24f435b263c4614f384135cea553d2", size = 66116, upload-time = "2022-07-30T17:29:04.179Z" },
]

[[package]]
name = "pytokens"
version = "0.4.1"
source = { registry = "https://pypi.org/simple" }
sdist = { url = "https://files.pythonhosted.org/packages/b6/34/b4e015b99031667a7b960f888889c5bd34ef585c85e1cb56a594b92836ac/pytokens-0.4.1.tar.gz", hash = "sha256:292052fe80923aae2260c073f822ceba21f3872ced9a68bb7953b348e561179a", size = 23015, upload-time = "2026-01-30T01:03:45.924Z" }
wheels = [
    { url = "https://files.pythonhosted.org/packages/8f/a7/b470f672e6fc5fee0a01d9e75005a0e617e162381974213a945fcd274843/pytokens-0.4.1-cp314-cp314-macosx_11_0_arm64.whl", hash = "sha256:4a14d5f5fc78ce85e426aa159489e2d5961acf0e47575e08f35584009178e321", size = 160821, upload-time = "2026-01-30T01:03:19.684Z" },
    { url = "https://files.pythonhosted.org/packages/80/98/e83a36fe8d170c911f864bfded690d2542bfcfacb9c649d11a9e6eb9dc41/pytokens-0.4.1-cp314-cp314-manylinux2014_aarch64.manylinux_2_17_aarch64.manylinux_2_28_aarch64.whl", hash = "sha256:97f50fd18543be72da51dd505e2ed20d2228c74e0464e4262e4899797803d7fa", size = 254263, upload-time = "2026-01-30T01:03:20.834Z" },
    { url = "https://files.pythonhosted.org/packages/0f/95/70d7041273890f9f97a24234c00b746e8da86df462620194cef1d411ddeb/pytokens-0.4.1-cp314-cp314-manylinux2014_x86_64.manylinux_2_17_x86_64.manylinux_2_28_x86_64.whl", hash = "sha256:dc74c035f9bfca0255c1af77ddd2d6ae8419012805453e4b0e7513e17904545d", size = 268071, upload-time = "2026-01-30T01:03:21.888Z" },
    { url = "https://files.pythonhosted.org/packages/da/79/76e6d09ae19c99404656d7db9c35dfd20f2086f3eb6ecb496b5b31163bad/pytokens-0.4.1-cp314-cp314-musllinux_1_2_x86_64.whl", hash = "sha256:f66a6bbe741bd431f6d741e617e0f39ec7257ca1f89089593479347cc4d13324", size = 271716, upload-time = "2026-01-30T01:03:23.633Z" },
    { url = "https://files.pythonhosted.org/packages/79/37/482e55fa1602e0a7ff012661d8c946bafdc05e480ea5a32f4f7e336d4aa9/pytokens-0.4.1-cp314-cp314-win_amd64.whl", hash = "sha256:b35d7e5ad269804f6697727702da3c517bb8a5228afa450ab0fa787732055fc9", size = 104539, upload-time = "2026-01-30T01:03:24.788Z" },
    { url = "https://files.pythonhosted.org/packages/30/e8/20e7db907c23f3d63b0be3b8a4fd1927f6da2395f5bcc7f72242bb963dfe/pytokens-0.4.1-cp314-cp314t-macosx_11_0_arm64.whl", hash = "sha256:8fcb9ba3709ff77e77f1c7022ff11d13553f3c30299a9fe246a166903e9091eb", size = 168474, upload-time = "2026-01-30T01:03:26.428Z" },
    { url = "https://files.pythonhosted.org/packages/d6/81/88a95ee9fafdd8f5f3452107748fd04c24930d500b9aba9738f3ade642cc/pytokens-0.4.1-cp314-cp314t-manylinux2014_aarch64.manylinux_2_17_aarch64.manylinux_2_28_aarch64.whl", hash = "sha256:79fc6b8699564e1f9b521582c35435f1bd32dd06822322ec44afdeba666d8cb3", size = 290473, upload-time = "2026-01-30T01:03:27.415Z" },
    { url = "https://files.pythonhosted.org/packages/cf/35/3aa899645e29b6375b4aed9f8d21df219e7c958c4c186b465e42ee0a06bf/pytokens-0.4.1-cp314-cp314t-manylinux2014_x86_64.manylinux_2_17_x86_64.manylinux_2_28_x86_64.whl", hash = "sha256:d31b97b3de0f61571a124a00ffe9a81fb9939146c122c11060725bd5aea79975", size = 303485, upload-time = "2026-01-30T01:03:28.558Z" },
    { url = "https://files.pythonhosted.org/packages/52/a0/07907b6ff512674d9b201859f7d212298c44933633c946703a20c25e9d81/pytokens-0.4.1-cp314-cp314t-musllinux_1_2_x86_64.whl", hash = "sha256:967cf6e3fd4adf7de8fc73cd3043754ae79c36475c1c11d514fc72cf5490094a", size = 306698, upload-time = "2026-01-30T01:03:29.653Z" },
    { url = "https://files.pythonhosted.org/packages/39/2a/cbbf9250020a4a8dd53ba83a46c097b69e5eb49dd14e708f496f548c6612/pytokens-0.4.1-cp314-cp314t-win_amd64.whl", hash = "sha256:584c80c24b078eec1e227079d56dc22ff755e0ba8654d8383b2c549107528918", size = 116287, upload-time = "2026-01-30T01:03:30.912Z" },
    { url = "https://files.pythonhosted.org/packages/c6/78/397db326746f0a342855b81216ae1f0a32965deccfd7c830a2dbc66d2483/pytokens-0.4.1-py3-none-any.whl", hash = "sha256:26cef14744a8385f35d0e095dc8b3a7583f6c953c2e3d269c7f82484bf5ad2de", size = 13729, upload-time = "2026-01-30T01:03:45.029Z" },
]

[[package]]
name = "pytz"
version = "2026.2"
source = { registry = "https://pypi.org/simple" }
sdist = { url = "https://files.pythonhosted.org/packages/ff/46/dd499ec9038423421951e4fad73051febaa13d2df82b4064f87af8b8c0c3/pytz-2026.2.tar.gz", hash = "sha256:0e60b47b29f21574376f218fe21abc009894a2321ea16c6754f3cad6eb7cdd6a", size = 320861, upload-time = "2026-05-04T01:35:29.667Z" }
wheels = [
    { url = "https://files.pythonhosted.org/packages/ec/dd/96da98f892250475bdf2328112d7468abdd4acc7b902b6af23f4ed958ea0/pytz-2026.2-py2.py3-none-any.whl", hash = "sha256:04156e608bee23d3792fd45c94ae47fae1036688e75032eea2e3bf0323d1f126", size = 510141, upload-time = "2026-05-04T01:35:27.408Z" },
]

[[package]]
name = "sqlparse"
version = "0.5.5"
source = { registry = "https://pypi.org/simple" }
sdist = { url = "https://files.pythonhosted.org/packages/90/76/437d71068094df0726366574cf3432a4ed754217b436eb7429415cf2d480/sqlparse-0.5.5.tar.gz", hash = "sha256:e20d4a9b0b8585fdf63b10d30066c7c94c5d7a7ec47c889a2d83a3caa93ff28e", size = 120815, upload-time = "2025-12-19T07:17:45.073Z" }
wheels = [
    { url = "https://files.pythonhosted.org/packages/49/4b/359f28a903c13438ef59ebeee215fb25da53066db67b305c125f1c6d2a25/sqlparse-0.5.5-py3-none-any.whl", hash = "sha256:12a08b3bf3eec877c519589833aed092e2444e68240a3577e8e26148acc7b1ba", size = 46138, upload-time = "2025-12-19T07:17:46.573Z" },
]

[[package]]
name = "tzdata"
version = "2026.2"
source = { registry = "https://pypi.org/simple" }
sdist = { url = "https://files.pythonhosted.org/packages/ba/19/1b9b0e29f30c6d35cb345486df41110984ea67ae69dddbc0e8a100999493/tzdata-2026.2.tar.gz", hash = "sha256:9173fde7d80d9018e02a662e168e5a2d04f87c41ea174b139fbef642eda62d10", size = 198254, upload-time = "2026-04-24T15:22:08.651Z" }
wheels = [
    { url = "https://files.pythonhosted.org/packages/ce/e4/dccd7f47c4b64213ac01ef921a1337ee6e30e8c6466046018326977efd95/tzdata-2026.2-py2.py3-none-any.whl", hash = "sha256:bbe9af844f658da81a5f95019480da3a89415801f6cc966806612cc7169bffe7", size = 349321, upload-time = "2026-04-24T15:22:05.876Z" },
]
